{
  "sources": {
    "base": {
      "path": "./site-cookbooks/base"
    },
    "ruby_build": {
      "locked_version": "0.8.0"
    },
    "rbenv": {
      "locked_version": "0.7.3",
      "git": "git://github.com/fnichol/chef-rbenv.git",
      "ref": "0a3018634bafe58ad21c6ee271af015220e444b9"
    },
    "ruby_gem": {
      "path": "./site-cookbooks/ruby_gem"
    },
    "java": {
      "locked_version": "1.22.0"
    }
  }
}
